
Microsoft Visual Studio Solution File, Format Version 12.00
Project("{FAE04EC0-301F-11D3-BF4B-00C04F79EFBC}") = "PlanningPokerBack", "PlanningPokerBack\PlanningPokerBack.csproj", "{EBF7B731-45DA-4B5D-87A4-238759F09DF6}"
EndProject
Project("{FAE04EC0-301F-11D3-BF4B-00C04F79EFBC}") = "Entities", "Entities\Entities.csproj", "{CCA2B894-0FBC-422C-9F66-B502C9594A9D}"
EndProject
Project("{FAE04EC0-301F-11D3-BF4B-00C04F79EFBC}") = "UseCases", "UseCases\UseCases.csproj", "{9C65C332-782D-437F-BC13-C9902BE46A8D}"
EndProject
Project("{2150E333-8FDC-42A3-9474-1A3956D46DE8}") = "Infrastructure", "Infrastructure", "{88D89E5A-5455-4F74-A6A6-5FC46C166B2D}"
EndProject
Project("{FAE04EC0-301F-11D3-BF4B-00C04F79EFBC}") = "Infrastructure.Interfaces", "Infrastructure.Interfaces\Infrastructure.Interfaces.csproj", "{67FC053E-52AC-4123-A8EF-0D5F97D4043D}"
EndProject
Project("{FAE04EC0-301F-11D3-BF4B-00C04F79EFBC}") = "Infrastructure.Implementations", "Infrastructure.Implementations\Infrastructure.Implementations.csproj", "{0B180AC5-84A9-4535-92BA-BAA78960CCEC}"
EndProject
Project("{FAE04EC0-301F-11D3-BF4B-00C04F79EFBC}") = "Storage.Interfaces", "Storage.Interfaces\Storage.Interfaces.csproj", "{5CDD0A9D-D31F-49A8-AD9C-A391016DD0AB}"
EndProject
Project("{FAE04EC0-301F-11D3-BF4B-00C04F79EFBC}") = "Storage.Implementations", "Storage.Implementations\Storage.Implementations.csproj", "{92CED578-7CB6-44F6-AB07-2F658F2B63DA}"
EndProject
Project("{2150E333-8FDC-42A3-9474-1A3956D46DE8}") = "Tests", "Tests", "{57536D5B-9475-4725-B452-980B76A23E94}"
EndProject
Project("{FAE04EC0-301F-11D3-BF4B-00C04F79EFBC}") = "UseCases.Tests", "UseCases.Tests\UseCases.Tests.csproj", "{85E4A02F-2142-44B1-AE63-4D5331F98C70}"
EndProject
Global
	GlobalSection(SolutionConfigurationPlatforms) = preSolution
		Debug|Any CPU = Debug|Any CPU
		Release|Any CPU = Release|Any CPU
	EndGlobalSection
	GlobalSection(ProjectConfigurationPlatforms) = postSolution
		{EBF7B731-45DA-4B5D-87A4-238759F09DF6}.Debug|Any CPU.ActiveCfg = Debug|Any CPU
		{EBF7B731-45DA-4B5D-87A4-238759F09DF6}.Debug|Any CPU.Build.0 = Debug|Any CPU
		{EBF7B731-45DA-4B5D-87A4-238759F09DF6}.Release|Any CPU.ActiveCfg = Release|Any CPU
		{EBF7B731-45DA-4B5D-87A4-238759F09DF6}.Release|Any CPU.Build.0 = Release|Any CPU
		{CCA2B894-0FBC-422C-9F66-B502C9594A9D}.Debug|Any CPU.ActiveCfg = Debug|Any CPU
		{CCA2B894-0FBC-422C-9F66-B502C9594A9D}.Debug|Any CPU.Build.0 = Debug|Any CPU
		{CCA2B894-0FBC-422C-9F66-B502C9594A9D}.Release|Any CPU.ActiveCfg = Release|Any CPU
		{CCA2B894-0FBC-422C-9F66-B502C9594A9D}.Release|Any CPU.Build.0 = Release|Any CPU
		{9C65C332-782D-437F-BC13-C9902BE46A8D}.Debug|Any CPU.ActiveCfg = Debug|Any CPU
		{9C65C332-782D-437F-BC13-C9902BE46A8D}.Debug|Any CPU.Build.0 = Debug|Any CPU
		{9C65C332-782D-437F-BC13-C9902BE46A8D}.Release|Any CPU.ActiveCfg = Release|Any CPU
		{9C65C332-782D-437F-BC13-C9902BE46A8D}.Release|Any CPU.Build.0 = Release|Any CPU
		{67FC053E-52AC-4123-A8EF-0D5F97D4043D}.Debug|Any CPU.ActiveCfg = Debug|Any CPU
		{67FC053E-52AC-4123-A8EF-0D5F97D4043D}.Debug|Any CPU.Build.0 = Debug|Any CPU
		{67FC053E-52AC-4123-A8EF-0D5F97D4043D}.Release|Any CPU.ActiveCfg = Release|Any CPU
		{67FC053E-52AC-4123-A8EF-0D5F97D4043D}.Release|Any CPU.Build.0 = Release|Any CPU
		{0B180AC5-84A9-4535-92BA-BAA78960CCEC}.Debug|Any CPU.ActiveCfg = Debug|Any CPU
		{0B180AC5-84A9-4535-92BA-BAA78960CCEC}.Debug|Any CPU.Build.0 = Debug|Any CPU
		{0B180AC5-84A9-4535-92BA-BAA78960CCEC}.Release|Any CPU.ActiveCfg = Release|Any CPU
		{0B180AC5-84A9-4535-92BA-BAA78960CCEC}.Release|Any CPU.Build.0 = Release|Any CPU
		{5CDD0A9D-D31F-49A8-AD9C-A391016DD0AB}.Debug|Any CPU.ActiveCfg = Debug|Any CPU
		{5CDD0A9D-D31F-49A8-AD9C-A391016DD0AB}.Debug|Any CPU.Build.0 = Debug|Any CPU
		{5CDD0A9D-D31F-49A8-AD9C-A391016DD0AB}.Release|Any CPU.ActiveCfg = Release|Any CPU
		{5CDD0A9D-D31F-49A8-AD9C-A391016DD0AB}.Release|Any CPU.Build.0 = Release|Any CPU
		{92CED578-7CB6-44F6-AB07-2F658F2B63DA}.Debug|Any CPU.ActiveCfg = Debug|Any CPU
		{92CED578-7CB6-44F6-AB07-2F658F2B63DA}.Debug|Any CPU.Build.0 = Debug|Any CPU
		{92CED578-7CB6-44F6-AB07-2F658F2B63DA}.Release|Any CPU.ActiveCfg = Release|Any CPU
		{92CED578-7CB6-44F6-AB07-2F658F2B63DA}.Release|Any CPU.Build.0 = Release|Any CPU
		{85E4A02F-2142-44B1-AE63-4D5331F98C70}.Debug|Any CPU.ActiveCfg = Debug|Any CPU
		{85E4A02F-2142-44B1-AE63-4D5331F98C70}.Debug|Any CPU.Build.0 = Debug|Any CPU
		{85E4A02F-2142-44B1-AE63-4D5331F98C70}.Release|Any CPU.ActiveCfg = Release|Any CPU
		{85E4A02F-2142-44B1-AE63-4D5331F98C70}.Release|Any CPU.Build.0 = Release|Any CPU
	EndGlobalSection
	GlobalSection(NestedProjects) = preSolution
		{67FC053E-52AC-4123-A8EF-0D5F97D4043D} = {88D89E5A-5455-4F74-A6A6-5FC46C166B2D}
		{0B180AC5-84A9-4535-92BA-BAA78960CCEC} = {88D89E5A-5455-4F74-A6A6-5FC46C166B2D}
		{5CDD0A9D-D31F-49A8-AD9C-A391016DD0AB} = {88D89E5A-5455-4F74-A6A6-5FC46C166B2D}
		{92CED578-7CB6-44F6-AB07-2F658F2B63DA} = {88D89E5A-5455-4F74-A6A6-5FC46C166B2D}
		{85E4A02F-2142-44B1-AE63-4D5331F98C70} = {57536D5B-9475-4725-B452-980B76A23E94}
	EndGlobalSection
EndGlobal
